// !$*UTF8*$!
{
	archiveVersion = 1;
	classes = {
	};
	objectVersion = 50;
	objects = {

/* Begin PBXBuildFile section */
		2620691325DF7753005E4E35 /* AppDelegate.swift in Sources */ = {isa = PBXBuildFile; fileRef = 2620691225DF7753005E4E35 /* AppDelegate.swift */; };
		2620691525DF7753005E4E35 /* SceneDelegate.swift in Sources */ = {isa = PBXBuildFile; fileRef = 2620691425DF7753005E4E35 /* SceneDelegate.swift */; };
		2620691725DF7753005E4E35 /* ViewController.swift in Sources */ = {isa = PBXBuildFile; fileRef = 2620691625DF7753005E4E35 /* ViewController.swift */; };
		2620691A25DF7753005E4E35 /* Main.storyboard in Resources */ = {isa = PBXBuildFile; fileRef = 2620691825DF7753005E4E35 /* Main.storyboard */; };
		2620691D25DF7753005E4E35 /* coreData_todoList.xcdatamodeld in Sources */ = {isa = PBXBuildFile; fileRef = 2620691B25DF7753005E4E35 /* coreData_todoList.xcdatamodeld */; };
		2620691F25DF7754005E4E35 /* Assets.xcassets in Resources */ = {isa = PBXBuildFile; fileRef = 2620691E25DF7754005E4E35 /* Assets.xcassets */; };
		2620692225DF7754005E4E35 /* LaunchScreen.storyboard in Resources */ = {isa = PBXBuildFile; fileRef = 2620692025DF7754005E4E35 /* LaunchScreen.storyboard */; };
		2620692C25DF7D34005E4E35 /* CoreDataItem+CoreDataClass.swift in Sources */ = {isa = PBXBuildFile; fileRef = 2620692A25DF7D34005E4E35 /* CoreDataItem+CoreDataClass.swift */; };
		2620692D25DF7D34005E4E35 /* CoreDataItem+CoreDataProperties.swift in Sources */ = {isa = PBXBuildFile; fileRef = 2620692B25DF7D34005E4E35 /* CoreDataItem+CoreDataProperties.swift */; };
/* End PBXBuildFile section */

/* Begin PBXFileReference section */
		2620690F25DF7753005E4E35 /* coreData_todoList.app */ = {isa = PBXFileReference; explicitFileType = wrapper.application; includeInIndex = 0; path = coreData_todoList.app; sourceTree = BUILT_PRODUCTS_DIR; };
		2620691225DF7753005E4E35 /* AppDelegate.swift */ = {isa = PBXFileReference; lastKnownFileType = sourcecode.swift; path = AppDelegate.swift; sourceTree = "<group>"; };
		2620691425DF7753005E4E35 /* SceneDelegate.swift */ = {isa = PBXFileReference; lastKnownFileType = sourcecode.swift; path = SceneDelegate.swift; sourceTree = "<group>"; };
		2620691625DF7753005E4E35 /* ViewController.swift */ = {isa = PBXFileReference; lastKnownFileType = sourcecode.swift; path = ViewController.swift; sourceTree = "<group>"; };
		2620691925DF7753005E4E35 /* Base */ = {isa = PBXFileReference; lastKnownFileType = file.storyboard; name = Base; path = Base.lproj/Main.storyboard; sourceTree = "<group>"; };
		2620691C25DF7753005E4E35 /* coreData_todoList.xcdatamodel */ = {isa = PBXFileReference; lastKnownFileType = wrapper.xcdatamodel; path = coreData_todoList.xcdatamodel; sourceTree = "<group>"; };
		2620691E25DF7754005E4E35 /* Assets.xcassets */ = {isa = PBXFileReference; lastKnownFileType = folder.assetcatalog; path = Assets.xcassets; sourceTree = "<group>"; };
		2620692125DF7754005E4E35 /* Base */ = {isa = PBXFileReference; lastKnownFileType = file.storyboard; name = Base; path = Base.lproj/LaunchScreen.storyboard; sourceTree = "<group>"; };
		2620692325DF7754005E4E35 /* Info.plist */ = {isa = PBXFileReference; lastKnownFileType = text.plist.xml; path = Info.plist; sourceTree = "<group>"; };
		2620692A25DF7D34005E4E35 /* CoreDataItem+CoreDataClass.swift */ = {isa = PBXFileReference; lastKnownFileType = sourcecode.swift; path = "CoreDataItem+CoreDataClass.swift"; sourceTree = "<group>"; };
		2620692B25DF7D34005E4E35 /* CoreDataItem+CoreDataProperties.swift */ = {isa = PBXFileReference; lastKnownFileType = sourcecode.swift; path = "CoreDataItem+CoreDataProperties.swift"; sourceTree = "<group>"; };
/* End PBXFileReference section */

/* Begin PBXFrameworksBuildPhase section */
		2620690C25DF7753005E4E35 /* Frameworks */ = {
			isa = PBXFrameworksBuildPhase;
			buildActionMask = 2147483647;
			files = (
			);
			runOnlyForDeploymentPostprocessing = 0;
		};
/* End PBXFrameworksBuildPhase section */

/* Begin PBXGroup section */
		2620690625DF7753005E4E35 = {
			isa = PBXGroup;
			children = (
				2620692F25DF7D93005E4E35 /* TodoListItem */,
				2620691125DF7753005E4E35 /* coreData_todoList */,
				2620691025DF7753005E4E35 /* Products */,
			);
			sourceTree = "<group>";
		};
		2620691025DF7753005E4E35 /* Products */ = {
			isa = PBXGroup;
			children = (
				2620690F25DF7753005E4E35 /* coreData_todoList.app */,
			);
			name = Products;
			sourceTree = "<group>";
		};
		2620691125DF7753005E4E35 /* coreData_todoList */ = {
			isa = PBXGroup;
			children = (
				2620691225DF7753005E4E35 /* AppDelegate.swift */,
				2620691425DF7753005E4E35 /* SceneDelegate.swift */,
				2620691625DF7753005E4E35 /* ViewController.swift */,
				2620691825DF7753005E4E35 /* Main.storyboard */,
				2620691E25DF7754005E4E35 /* Assets.xcassets */,
				2620692025DF7754005E4E35 /* LaunchScreen.storyboard */,
				2620692325DF7754005E4E35 /* Info.plist */,
				2620691B25DF7753005E4E35 /* coreData_todoList.xcdatamodeld */,
			);
			path = coreData_todoList;
			sourceTree = "<group>";
		};
		2620692F25DF7D93005E4E35 /* TodoListItem */ = {
			isa = PBXGroup;
			children = (
				2620692A25DF7D34005E4E35 /* CoreDataItem+CoreDataClass.swift */,
				2620692B25DF7D34005E4E35 /* CoreDataItem+CoreDataProperties.swift */,
			);
			path = TodoListItem;
			sourceTree = "<group>";
		};
/* End PBXGroup section */

/* Begin PBXNativeTarget section */
		2620690E25DF7753005E4E35 /* coreData_todoList */ = {
			isa = PBXNativeTarget;
			buildConfigurationList = 2620692625DF7754005E4E35 /* Build configuration list for PBXNativeTarget "coreData_todoList" */;
			buildPhases = (
				2620690B25DF7753005E4E35 /* Sources */,
				2620690C25DF7753005E4E35 /* Frameworks */,
				2620690D25DF7753005E4E35 /* Resources */,
			);
			buildRules = (
			);
			dependencies = (
			);
			name = coreData_todoList;
			productName = coreData_todoList;
			productReference = 2620690F25DF7753005E4E35 /* coreData_todoList.app */;
			productType = "com.apple.product-type.application";
		};
/* End PBXNativeTarget section */

/* Begin PBXProject section */
		2620690725DF7753005E4E35 /* Project object */ = {
			isa = PBXProject;
			attributes = {
				LastSwiftUpdateCheck = 1240;
				LastUpgradeCheck = 1240;
				TargetAttributes = {
					2620690E25DF7753005E4E35 = {
						CreatedOnToolsVersion = 12.4;
					};
				};
			};
			buildConfigurationList = 2620690A25DF7753005E4E35 /* Build configuration list for PBXProject "coreData_todoList" */;
			compatibilityVersion = "Xcode 9.3";
			developmentRegion = en;
			hasScannedForEncodings = 0;
			knownRegions = (
				en,
				Base,
			);
			mainGroup = 2620690625DF7753005E4E35;
			productRefGroup = 2620691025DF7753005E4E35 /* Products */;
			projectDirPath = "";
			projectRoot = "";
			targets = (
				2620690E25DF7753005E4E35 /* coreData_todoList */,
			);
		};
/* End PBXProject section */

/* Begin PBXResourcesBuildPhase section */
		2620690D25DF7753005E4E35 /* Resources */ = {
			isa = PBXResourcesBuildPhase;
			buildActionMask = 2147483647;
			files = (
				2620692225DF7754005E4E35 /* LaunchScreen.storyboard in Resources */,
				2620691F25DF7754005E4E35 /* Assets.xcassets in Resources */,
				2620691A25DF7753005E4E35 /* Main.storyboard in Resources */,
			);
			runOnlyForDeploymentPostprocessing = 0;
		};
/* End PBXResourcesBuildPhase section */

/* Begin PBXSourcesBuildPhase section */
		2620690B25DF7753005E4E35 /* Sources */ = {
			isa = PBXSourcesBuildPhase;
			buildActionMask = 2147483647;
			files = (
				2620691725DF7753005E4E35 /* ViewController.swift in Sources */,
				2620692D25DF7D34005E4E35 /* CoreDataItem+CoreDataProperties.swift in Sources */,
				2620691325DF7753005E4E35 /* AppDelegate.swift in Sources */,
				2620692C25DF7D34005E4E35 /* CoreDataItem+CoreDataClass.swift in Sources */,
				2620691D25DF7753005E4E35 /* coreData_todoList.xcdatamodeld in Sources */,
				2620691525DF7753005E4E35 /* SceneDelegate.swift in Sources */,
			);
			runOnlyForDeploymentPostprocessing = 0;
		};
/* End PBXSourcesBuildPhase section */

/* Begin PBXVariantGroup section */
		2620691825DF7753005E4E35 /* Main.storyboard */ = {
			isa = PBXVariantGroup;
			children = (
				2620691925DF7753005E4E35 /* Base */,
			);
			name = Main.storyboard;
			sourceTree = "<group>";
		};
		2620692025DF7754005E4E35 /* LaunchScreen.storyboard */ = {
			isa = PBXVariantGroup;
			children = (
				2620692125DF7754005E4E35 /* Base */,
			);
			name = LaunchScreen.storyboard;
			sourceTree = "<group>";
		};
/* End PBXVariantGroup section */

/* Begin XCBuildConfiguration section */
		2620692425DF7754005E4E35 /* Debug */ = {
			isa = XCBuildConfiguration;
			buildSettings = {
				ALWAYS_SEARCH_USER_PATHS = NO;
				CLANG_ANALYZER_NONNULL = YES;
				CLANG_ANALYZER_NUMBER_OBJECT_CONVERSION = YES_AGGRESSIVE;
				CLANG_CXX_LANGUAGE_STANDARD = "gnu++14";
				CLANG_CXX_LIBRARY = "libc++";
				CLANG_ENABLE_MODULES = YES;
				CLANG_ENABLE_OBJC_ARC = YES;
				CLANG_ENABLE_OBJC_WEAK = YES;
				CLANG_WARN_BLOCK_CAPTURE_AUTORELEASING = YES;
				CLANG_WARN_BOOL_CONVERSION = YES;
				CLANG_WARN_COMMA = YES;
				CLANG_WARN_CONSTANT_CONVERSION = YES;
				CLANG_WARN_DEPRECATED_OBJC_IMPLEMENTATIONS = YES;
				CLANG_WARN_DIRECT_OBJC_ISA_USAGE = YES_ERROR;
				CLANG_WARN_DOCUMENTATION_COMMENTS = YES;
				CLANG_WARN_EMPTY_BODY = YES;
				CLANG_WARN_ENUM_CONVERSION = YES;
				CLANG_WARN_INFINITE_RECURSION = YES;
				CLANG_WARN_INT_CONVERSION = YES;
				CLANG_WARN_NON_LITERAL_NULL_CONVERSION = YES;
				CLANG_WARN_OBJC_IMPLICIT_RETAIN_SELF = YES;
				CLANG_WARN_OBJC_LITERAL_CONVERSION = YES;
				CLANG_WARN_OBJC_ROOT_CLASS = YES_ERROR;
				CLANG_WARN_QUOTED_INCLUDE_IN_FRAMEWORK_HEADER = YES;
				CLANG_WARN_RANGE_LOOP_ANALYSIS = YES;
				CLANG_WARN_STRICT_PROTOTYPES = YES;
				CLANG_WARN_SUSPICIOUS_MOVE = YES;
				CLANG_WARN_UNGUARDED_AVAILABILITY = YES_AGGRESSIVE;
				CLANG_WARN_UNREACHABLE_CODE = YES;
				CLANG_WARN__DUPLICATE_METHOD_MATCH = YES;
				COPY_PHASE_STRIP = NO;
				DEBUG_INFORMATION_FORMAT = dwarf;
				ENABLE_STRICT_OBJC_MSGSEND = YES;
				ENABLE_TESTABILITY = YES;
				GCC_C_LANGUAGE_STANDARD = gnu11;
				GCC_DYNAMIC_NO_PIC = NO;
				GCC_NO_COMMON_BLOCKS = YES;
				GCC_OPTIMIZATION_LEVEL = 0;
				GCC_PREPROCESSOR_DEFINITIONS = (
					"DEBUG=1",
					"$(inherited)",
				);
				GCC_WARN_64_TO_32_BIT_CONVERSION = YES;
				GCC_WARN_ABOUT_RETURN_TYPE = YES_ERROR;
				GCC_WARN_UNDECLARED_SELECTOR = YES;
				GCC_WARN_UNINITIALIZED_AUTOS = YES_AGGRESSIVE;
				GCC_WARN_UNUSED_FUNCTION = YES;
				GCC_WARN_UNUSED_VARIABLE = YES;
				IPHONEOS_DEPLOYMENT_TARGET = 14.4;
				MTL_ENABLE_DEBUG_INFO = INCLUDE_SOURCE;
				MTL_FAST_MATH = YES;
				ONLY_ACTIVE_ARCH = YES;
				SDKROOT = iphoneos;
				SWIFT_ACTIVE_COMPILATION_CONDITIONS = DEBUG;
				SWIFT_OPTIMIZATION_LEVEL = "-Onone";
			};
			name = Debug;
		};
		2620692525DF7754005E4E35 /* Release */ = {
			isa = XCBuildConfiguration;
			buildSettings = {
				ALWAYS_SEARCH_USER_PATHS = NO;
				CLANG_ANALYZER_NONNULL = YES;
				CLANG_ANALYZER_NUMBER_OBJECT_CONVERSION = YES_AGGRESSIVE;
				CLANG_CXX_LANGUAGE_STANDARD = "gnu++14";
				CLANG_CXX_LIBRARY = "libc++";
				CLANG_ENABLE_MODULES = YES;
				CLANG_ENABLE_OBJC_ARC = YES;
				CLANG_ENABLE_OBJC_WEAK = YES;
				CLANG_WARN_BLOCK_CAPTURE_AUTORELEASING = YES;
				CLANG_WARN_BOOL_CONVERSION = YES;
				CLANG_WARN_COMMA = YES;
				CLANG_WARN_CONSTANT_CONVERSION = YES;
				CLANG_WARN_DEPRECATED_OBJC_IMPLEMENTATIONS = YES;
				CLANG_WARN_DIRECT_OBJC_ISA_USAGE = YES_ERROR;
				CLANG_WARN_DOCUMENTATION_COMMENTS = YES;
				CLANG_WARN_EMPTY_BODY = YES;
				CLANG_WARN_ENUM_CONVERSION = YES;
				CLANG_WARN_INFINITE_RECURSION = YES;
				CLANG_WARN_INT_CONVERSION = YES;
				CLANG_WARN_NON_LITERAL_NULL_CONVERSION = YES;
				CLANG_WARN_OBJC_IMPLICIT_RETAIN_SELF = YES;
				CLANG_WARN_OBJC_LITERAL_CONVERSION = YES;
				CLANG_WARN_OBJC_ROOT_CLASS = YES_ERROR;
				CLANG_WARN_QUOTED_INCLUDE_IN_FRAMEWORK_HEADER = YES;
				CLANG_WARN_RANGE_LOOP_ANALYSIS = YES;
				CLANG_WARN_STRICT_PROTOTYPES = YES;
				CLANG_WARN_SUSPICIOUS_MOVE = YES;
				CLANG_WARN_UNGUARDED_AVAILABILITY = YES_AGGRESSIVE;
				CLANG_WARN_UNREACHABLE_CODE = YES;
				CLANG_WARN__DUPLICATE_METHOD_MATCH = YES;
				COPY_PHASE_STRIP = NO;
				DEBUG_INFORMATION_FORMAT = "dwarf-with-dsym";
				ENABLE_NS_ASSERTIONS = NO;
				ENABLE_STRICT_OBJC_MSGSEND = YES;
				GCC_C_LANGUAGE_STANDARD = gnu11;
				GCC_NO_COMMON_BLOCKS = YES;
				GCC_WARN_64_TO_32_BIT_CONVERSION = YES;
				GCC_WARN_ABOUT_RETURN_TYPE = YES_ERROR;
				GCC_WARN_UNDECLARED_SELECTOR = YES;
				GCC_WARN_UNINITIALIZED_AUTOS = YES_AGGRESSIVE;
				GCC_WARN_UNUSED_FUNCTION = YES;
				GCC_WARN_UNUSED_VARIABLE = YES;
				IPHONEOS_DEPLOYMENT_TARGET = 14.4;
				MTL_ENABLE_DEBUG_INFO = NO;
				MTL_FAST_MATH = YES;
				SDKROOT = iphoneos;
				SWIFT_COMPILATION_MODE = wholemodule;
				SWIFT_OPTIMIZATION_LEVEL = "-O";
				VALIDATE_PRODUCT = YES;
			};
			name = Release;
		};
		2620692725DF7754005E4E35 /* Debug */ = {
			isa = XCBuildConfiguration;
			buildSettings = {
				ASSETCATALOG_COMPILER_APPICON_NAME = AppIcon;
				ASSETCATALOG_COMPILER_GLOBAL_ACCENT_COLOR_NAME = AccentColor;
				CODE_SIGN_STYLE = Automatic;
				DEVELOPMENT_TEAM = RQ27JAH9DS;
				INFOPLIST_FILE = coreData_todoList/Info.plist;
				LD_RUNPATH_SEARCH_PATHS = (
					"$(inherited)",
					"@executable_path/Frameworks",
				);
				PRODUCT_BUNDLE_IDENTIFIER = "com.sarahselee.test.coreData-todoList";
				PRODUCT_NAME = "$(TARGET_NAME)";
				SWIFT_VERSION = 5.0;
				TARGETED_DEVICE_FAMILY = "1,2";
			};
			name = Debug;
		};
		2620692825DF7754005E4E35 /* Release */ = {
			isa = XCBuildConfiguration;
			buildSettings = {
				ASSETCATALOG_COMPILER_APPICON_NAME = AppIcon;
				ASSETCATALOG_COMPILER_GLOBAL_ACCENT_COLOR_NAME = AccentColor;
				CODE_SIGN_STYLE = Automatic;
				DEVELOPMENT_TEAM = RQ27JAH9DS;
				INFOPLIST_FILE = coreData_todoList/Info.plist;
				LD_RUNPATH_SEARCH_PATHS = (
					"$(inherited)",
					"@executable_path/Frameworks",
				);
				PRODUCT_BUNDLE_IDENTIFIER = "com.sarahselee.test.coreData-todoList";
				PRODUCT_NAME = "$(TARGET_NAME)";
				SWIFT_VERSION = 5.0;
				TARGETED_DEVICE_FAMILY = "1,2";
			};
			name = Release;
		};
/* End XCBuildConfiguration section */

/* Begin XCConfigurationList section */
		2620690A25DF7753005E4E35 /* Build configuration list for PBXProject "coreData_todoList" */ = {
			isa = XCConfigurationList;
			buildConfigurations = (
				2620692425DF7754005E4E35 /* Debug */,
				2620692525DF7754005E4E35 /* Release */,
			);
			defaultConfigurationIsVisible = 0;
			defaultConfigurationName = Release;
		};
		2620692625DF7754005E4E35 /* Build configuration list for PBXNativeTarget "coreData_todoList" */ = {
			isa = XCConfigurationList;
			buildConfigurations = (
				2620692725DF7754005E4E35 /* Debug */,
				2620692825DF7754005E4E35 /* Release */,
			);
			defaultConfigurationIsVisible = 0;
			defaultConfigurationName = Release;
		};
/* End XCConfigurationList section */

/* Begin XCVersionGroup section */
		2620691B25DF7753005E4E35 /* coreData_todoList.xcdatamodeld */ = {
			isa = XCVersionGroup;
			children = (
				2620691C25DF7753005E4E35 /* coreData_todoList.xcdatamodel */,
			);
			currentVersion = 2620691C25DF7753005E4E35 /* coreData_todoList.xcdatamodel */;
			path = coreData_todoList.xcdatamodeld;
			sourceTree = "<group>";
			versionGroupType = wrapper.xcdatamodel;
		};
/* End XCVersionGroup section */
	};
	rootObject = 2620690725DF7753005E4E35 /* Project object */;
}
